
Microsoft Visual Studio Solution File, Format Version 12.00
# Visual Studio 15
VisualStudioVersion = 15.0.28307.1209
MinimumVisualStudioVersion = 10.0.40219.1
Project("{8BC9CEB8-8B4A-11D0-8D11-00A0C91BC942}") = "Insertion Sort", "Insertion Sort\Insertion Sort.vcxproj", "{791596E2-5D45-4FDC-B16A-81BF5F272364}"
EndProject
Project("{8BC9CEB8-8B4A-11D0-8D11-00A0C91BC942}") = "Merge Sort", "Merge Sort\Merge Sort.vcxproj", "{D5CD1B71-1FFB-421F-93D0-6517F064C9BA}"
EndProject
Project("{8BC9CEB8-8B4A-11D0-8D11-00A0C91BC942}") = "Quicksort", "Quicksort\Quicksort.vcxproj", "{A4A7B31D-C555-4433-A181-073F33DD6A3A}"
EndProject
Project("{8BC9CEB8-8B4A-11D0-8D11-00A0C91BC942}") = "Selection Sort", "Selection Sort\Selection Sort.vcxproj", "{815EDE4B-B755-41C8-A135-5DE89A53BCE2}"
EndProject
Project("{8BC9CEB8-8B4A-11D0-8D11-00A0C91BC942}") = "Bubble Sort", "Bubble Sort\Bubble Sort.vcxproj", "{8CAEA14A-E8BC-46FF-9584-BFCC997B68B4}"
EndProject
Project("{8BC9CEB8-8B4A-11D0-8D11-00A0C91BC942}") = "Bucket Sort", "Bucket Sort\Bucket Sort.vcxproj", "{B3207140-E0AD-4744-BD18-968713FB1DB7}"
EndProject
Project("{8BC9CEB8-8B4A-11D0-8D11-00A0C91BC942}") = "Counting Sort", "Counting Sort\Counting Sort.vcxproj", "{6D58A884-C981-4F88-80E5-E613C59E029C}"
EndProject
Project("{8BC9CEB8-8B4A-11D0-8D11-00A0C91BC942}") = "Radix Sort", "Radix Sort\Radix Sort.vcxproj", "{256FBC4D-A35F-49F1-9298-EBC19351A8D3}"
EndProject
Global
	GlobalSection(SolutionConfigurationPlatforms) = preSolution
		Debug|x64 = Debug|x64
		Debug|x86 = Debug|x86
		Release|x64 = Release|x64
		Release|x86 = Release|x86
	EndGlobalSection
	GlobalSection(ProjectConfigurationPlatforms) = postSolution
		{791596E2-5D45-4FDC-B16A-81BF5F272364}.Debug|x64.ActiveCfg = Debug|x64
		{791596E2-5D45-4FDC-B16A-81BF5F272364}.Debug|x64.Build.0 = Debug|x64
		{791596E2-5D45-4FDC-B16A-81BF5F272364}.Debug|x86.ActiveCfg = Debug|Win32
		{791596E2-5D45-4FDC-B16A-81BF5F272364}.Debug|x86.Build.0 = Debug|Win32
		{791596E2-5D45-4FDC-B16A-81BF5F272364}.Release|x64.ActiveCfg = Release|x64
		{791596E2-5D45-4FDC-B16A-81BF5F272364}.Release|x64.Build.0 = Release|x64
		{791596E2-5D45-4FDC-B16A-81BF5F272364}.Release|x86.ActiveCfg = Release|Win32
		{791596E2-5D45-4FDC-B16A-81BF5F272364}.Release|x86.Build.0 = Release|Win32
		{D5CD1B71-1FFB-421F-93D0-6517F064C9BA}.Debug|x64.ActiveCfg = Debug|x64
		{D5CD1B71-1FFB-421F-93D0-6517F064C9BA}.Debug|x64.Build.0 = Debug|x64
		{D5CD1B71-1FFB-421F-93D0-6517F064C9BA}.Debug|x86.ActiveCfg = Debug|Win32
		{D5CD1B71-1FFB-421F-93D0-6517F064C9BA}.Debug|x86.Build.0 = Debug|Win32
		{D5CD1B71-1FFB-421F-93D0-6517F064C9BA}.Release|x64.ActiveCfg = Release|x64
		{D5CD1B71-1FFB-421F-93D0-6517F064C9BA}.Release|x64.Build.0 = Release|x64
		{D5CD1B71-1FFB-421F-93D0-6517F064C9BA}.Release|x86.ActiveCfg = Release|Win32
		{D5CD1B71-1FFB-421F-93D0-6517F064C9BA}.Release|x86.Build.0 = Release|Win32
		{A4A7B31D-C555-4433-A181-073F33DD6A3A}.Debug|x64.ActiveCfg = Debug|x64
		{A4A7B31D-C555-4433-A181-073F33DD6A3A}.Debug|x64.Build.0 = Debug|x64
		{A4A7B31D-C555-4433-A181-073F33DD6A3A}.Debug|x86.ActiveCfg = Debug|Win32
		{A4A7B31D-C555-4433-A181-073F33DD6A3A}.Debug|x86.Build.0 = Debug|Win32
		{A4A7B31D-C555-4433-A181-073F33DD6A3A}.Release|x64.ActiveCfg = Release|x64
		{A4A7B31D-C555-4433-A181-073F33DD6A3A}.Release|x64.Build.0 = Release|x64
		{A4A7B31D-C555-4433-A181-073F33DD6A3A}.Release|x86.ActiveCfg = Release|Win32
		{A4A7B31D-C555-4433-A181-073F33DD6A3A}.Release|x86.Build.0 = Release|Win32
		{815EDE4B-B755-41C8-A135-5DE89A53BCE2}.Debug|x64.ActiveCfg = Debug|x64
		{815EDE4B-B755-41C8-A135-5DE89A53BCE2}.Debug|x64.Build.0 = Debug|x64
		{815EDE4B-B755-41C8-A135-5DE89A53BCE2}.Debug|x86.ActiveCfg = Debug|Win32
		{815EDE4B-B755-41C8-A135-5DE89A53BCE2}.Debug|x86.Build.0 = Debug|Win32
		{815EDE4B-B755-41C8-A135-5DE89A53BCE2}.Release|x64.ActiveCfg = Release|x64
		{815EDE4B-B755-41C8-A135-5DE89A53BCE2}.Release|x64.Build.0 = Release|x64
		{815EDE4B-B755-41C8-A135-5DE89A53BCE2}.Release|x86.ActiveCfg = Release|Win32
		{815EDE4B-B755-41C8-A135-5DE89A53BCE2}.Release|x86.Build.0 = Release|Win32
		{8CAEA14A-E8BC-46FF-9584-BFCC997B68B4}.Debug|x64.ActiveCfg = Debug|x64
		{8CAEA14A-E8BC-46FF-9584-BFCC997B68B4}.Debug|x64.Build.0 = Debug|x64
		{8CAEA14A-E8BC-46FF-9584-BFCC997B68B4}.Debug|x86.ActiveCfg = Debug|Win32
		{8CAEA14A-E8BC-46FF-9584-BFCC997B68B4}.Debug|x86.Build.0 = Debug|Win32
		{8CAEA14A-E8BC-46FF-9584-BFCC997B68B4}.Release|x64.ActiveCfg = Release|x64
		{8CAEA14A-E8BC-46FF-9584-BFCC997B68B4}.Release|x64.Build.0 = Release|x64
		{8CAEA14A-E8BC-46FF-9584-BFCC997B68B4}.Release|x86.ActiveCfg = Release|Win32
		{8CAEA14A-E8BC-46FF-9584-BFCC997B68B4}.Release|x86.Build.0 = Release|Win32
		{B3207140-E0AD-4744-BD18-968713FB1DB7}.Debug|x64.ActiveCfg = Debug|x64
		{B3207140-E0AD-4744-BD18-968713FB1DB7}.Debug|x64.Build.0 = Debug|x64
		{B3207140-E0AD-4744-BD18-968713FB1DB7}.Debug|x86.ActiveCfg = Debug|Win32
		{B3207140-E0AD-4744-BD18-968713FB1DB7}.Debug|x86.Build.0 = Debug|Win32
		{B3207140-E0AD-4744-BD18-968713FB1DB7}.Release|x64.ActiveCfg = Release|x64
		{B3207140-E0AD-4744-BD18-968713FB1DB7}.Release|x64.Build.0 = Release|x64
		{B3207140-E0AD-4744-BD18-968713FB1DB7}.Release|x86.ActiveCfg = Release|Win32
		{B3207140-E0AD-4744-BD18-968713FB1DB7}.Release|x86.Build.0 = Release|Win32
		{6D58A884-C981-4F88-80E5-E613C59E029C}.Debug|x64.ActiveCfg = Debug|x64
		{6D58A884-C981-4F88-80E5-E613C59E029C}.Debug|x64.Build.0 = Debug|x64
		{6D58A884-C981-4F88-80E5-E613C59E029C}.Debug|x86.ActiveCfg = Debug|Win32
		{6D58A884-C981-4F88-80E5-E613C59E029C}.Debug|x86.Build.0 = Debug|Win32
		{6D58A884-C981-4F88-80E5-E613C59E029C}.Release|x64.ActiveCfg = Release|x64
		{6D58A884-C981-4F88-80E5-E613C59E029C}.Release|x64.Build.0 = Release|x64
		{6D58A884-C981-4F88-80E5-E613C59E029C}.Release|x86.ActiveCfg = Release|Win32
		{6D58A884-C981-4F88-80E5-E613C59E029C}.Release|x86.Build.0 = Release|Win32
		{256FBC4D-A35F-49F1-9298-EBC19351A8D3}.Debug|x64.ActiveCfg = Debug|x64
		{256FBC4D-A35F-49F1-9298-EBC19351A8D3}.Debug|x64.Build.0 = Debug|x64
		{256FBC4D-A35F-49F1-9298-EBC19351A8D3}.Debug|x86.ActiveCfg = Debug|Win32
		{256FBC4D-A35F-49F1-9298-EBC19351A8D3}.Debug|x86.Build.0 = Debug|Win32
		{256FBC4D-A35F-49F1-9298-EBC19351A8D3}.Release|x64.ActiveCfg = Release|x64
		{256FBC4D-A35F-49F1-9298-EBC19351A8D3}.Release|x64.Build.0 = Release|x64
		{256FBC4D-A35F-49F1-9298-EBC19351A8D3}.Release|x86.ActiveCfg = Release|Win32
		{256FBC4D-A35F-49F1-9298-EBC19351A8D3}.Release|x86.Build.0 = Release|Win32
	EndGlobalSection
	GlobalSection(SolutionProperties) = preSolution
		HideSolutionNode = FALSE
	EndGlobalSection
	GlobalSection(ExtensibilityGlobals) = postSolution
		SolutionGuid = {38E9286C-3972-4EEC-B77B-670717002477}
	EndGlobalSection
EndGlobal
